
Microsoft Visual Studio Solution File, Format Version 12.00
# Visual Studio 14
VisualStudioVersion = 14.0.25420.1
MinimumVisualStudioVersion = 10.0.40219.1
Project("{FAE04EC0-301F-11D3-BF4B-00C04F79EFBC}") = "Framework", "UnitTestProject1\Framework.csproj", "{D8A5DDA4-1C3E-42BA-A328-7F9EDA416AFE}"
EndProject
Project("{FAE04EC0-301F-11D3-BF4B-00C04F79EFBC}") = "Scenarios", "WZNLAssignments\Scenarios.csproj", "{670D3B3A-8C92-450A-BD7B-2775944F500C}"
EndProject
Global
	GlobalSection(SolutionConfigurationPlatforms) = preSolution
		Debug|Any CPU = Debug|Any CPU
		Release|Any CPU = Release|Any CPU
	EndGlobalSection
	GlobalSection(ProjectConfigurationPlatforms) = postSolution
		{D8A5DDA4-1C3E-42BA-A328-7F9EDA416AFE}.Debug|Any CPU.ActiveCfg = Debug|Any CPU
		{D8A5DDA4-1C3E-42BA-A328-7F9EDA416AFE}.Debug|Any CPU.Build.0 = Debug|Any CPU
		{D8A5DDA4-1C3E-42BA-A328-7F9EDA416AFE}.Release|Any CPU.ActiveCfg = Release|Any CPU
		{D8A5DDA4-1C3E-42BA-A328-7F9EDA416AFE}.Release|Any CPU.Build.0 = Release|Any CPU
		{670D3B3A-8C92-450A-BD7B-2775944F500C}.Debug|Any CPU.ActiveCfg = Debug|Any CPU
		{670D3B3A-8C92-450A-BD7B-2775944F500C}.Debug|Any CPU.Build.0 = Debug|Any CPU
		{670D3B3A-8C92-450A-BD7B-2775944F500C}.Release|Any CPU.ActiveCfg = Release|Any CPU
		{670D3B3A-8C92-450A-BD7B-2775944F500C}.Release|Any CPU.Build.0 = Release|Any CPU
	EndGlobalSection
	GlobalSection(SolutionProperties) = preSolution
		HideSolutionNode = FALSE
	EndGlobalSection
EndGlobal
